
Microsoft Visual Studio Solution File, Format Version 12.00
# Visual Studio Version 17
VisualStudioVersion = 17.9.34728.123
MinimumVisualStudioVersion = 10.0.40219.1
Project("{9A19103F-16F7-4668-BE54-9A1E7A4F7556}") = "bamalhau", "bamalhau.csproj", "{6796D007-4CD7-4FB9-8228-FE78DD31C787}"
EndProject
Global
	GlobalSection(SolutionConfigurationPlatforms) = preSolution
		Debug|Any CPU = Debug|Any CPU
		Release|Any CPU = Release|Any CPU
	EndGlobalSection
	GlobalSection(ProjectConfigurationPlatforms) = postSolution
		{6796D007-4CD7-4FB9-8228-FE78DD31C787}.Debug|Any CPU.ActiveCfg = Debug|Any CPU
		{6796D007-4CD7-4FB9-8228-FE78DD31C787}.Debug|Any CPU.Build.0 = Debug|Any CPU
		{6796D007-4CD7-4FB9-8228-FE78DD31C787}.Release|Any CPU.ActiveCfg = Release|Any CPU
		{6796D007-4CD7-4FB9-8228-FE78DD31C787}.Release|Any CPU.Build.0 = Release|Any CPU
	EndGlobalSection
	GlobalSection(SolutionProperties) = preSolution
		HideSolutionNode = FALSE
	EndGlobalSection
	GlobalSection(ExtensibilityGlobals) = postSolution
		SolutionGuid = {8B46DBC0-63DE-4E4C-9EA5-5B5E94D24BD5}
	EndGlobalSection
EndGlobal
